
Microsoft Visual Studio Solution File, Format Version 12.00
# Visual Studio Version 17
VisualStudioVersion = 17.1.32421.90
MinimumVisualStudioVersion = 10.0.40219.1
Project("{FAE04EC0-301F-11D3-BF4B-00C04F79EFBC}") = "WebReferenceSite.Mvc", "WebReferenceSite.Mvc\WebReferenceSite.Mvc.csproj", "{4D8DC2D4-305C-4805-8AB2-ADB22BE5A376}"
EndProject
Project("{FAE04EC0-301F-11D3-BF4B-00C04F79EFBC}") = "WebReferenceSite.Mvc.Tests", "WebReferenceSite.Mvc.Tests\WebReferenceSite.Mvc.Tests.csproj", "{6408F1BE-2AE1-46A8-B1EE-6A73E59463AA}"
EndProject
Global
	GlobalSection(SolutionConfigurationPlatforms) = preSolution
		Debug|Any CPU = Debug|Any CPU
		Release|Any CPU = Release|Any CPU
	EndGlobalSection
	GlobalSection(ProjectConfigurationPlatforms) = postSolution
		{4D8DC2D4-305C-4805-8AB2-ADB22BE5A376}.Debug|Any CPU.ActiveCfg = Debug|Any CPU
		{4D8DC2D4-305C-4805-8AB2-ADB22BE5A376}.Debug|Any CPU.Build.0 = Debug|Any CPU
		{4D8DC2D4-305C-4805-8AB2-ADB22BE5A376}.Release|Any CPU.ActiveCfg = Release|Any CPU
		{4D8DC2D4-305C-4805-8AB2-ADB22BE5A376}.Release|Any CPU.Build.0 = Release|Any CPU
		{6408F1BE-2AE1-46A8-B1EE-6A73E59463AA}.Debug|Any CPU.ActiveCfg = Debug|Any CPU
		{6408F1BE-2AE1-46A8-B1EE-6A73E59463AA}.Debug|Any CPU.Build.0 = Debug|Any CPU
		{6408F1BE-2AE1-46A8-B1EE-6A73E59463AA}.Release|Any CPU.ActiveCfg = Release|Any CPU
		{6408F1BE-2AE1-46A8-B1EE-6A73E59463AA}.Release|Any CPU.Build.0 = Release|Any CPU
	EndGlobalSection
	GlobalSection(SolutionProperties) = preSolution
		HideSolutionNode = FALSE
	EndGlobalSection
	GlobalSection(ExtensibilityGlobals) = postSolution
		SolutionGuid = {B785CFD5-3A58-4672-9366-BB5046E19CA5}
	EndGlobalSection
EndGlobal
